
Microsoft Visual Studio Solution File, Format Version 10.00
# Visual Studio 2008
Project("{8BC9CEB8-8B4A-11D0-8D11-00A0C91BC942}") = "common", "..\common\Common.vcproj", "{E06CF65E-5AA4-426F-A8D2-133F99872D03}"
EndProject
Project("{8BC9CEB8-8B4A-11D0-8D11-00A0C91BC942}") = "refreshsql", "refreshsql.vcproj", "{5428A52A-4255-4465-8886-6CF0D1266201}"
	ProjectSection(ProjectDependencies) = postProject
		{E06CF65E-5AA4-426F-A8D2-133F99872D03} = {E06CF65E-5AA4-426F-A8D2-133F99872D03}
	EndProjectSection
EndProject
Global
	GlobalSection(SolutionConfigurationPlatforms) = preSolution
		Debug|Win32 = Debug|Win32
		mysqlRelease|Win32 = mysqlRelease|Win32
		Release|Win32 = Release|Win32
	EndGlobalSection
	GlobalSection(ProjectConfigurationPlatforms) = postSolution
		{E06CF65E-5AA4-426F-A8D2-133F99872D03}.Debug|Win32.ActiveCfg = Debug|Win32
		{E06CF65E-5AA4-426F-A8D2-133F99872D03}.Debug|Win32.Build.0 = Debug|Win32
		{E06CF65E-5AA4-426F-A8D2-133F99872D03}.mysqlRelease|Win32.ActiveCfg = mysqlRelease|Win32
		{E06CF65E-5AA4-426F-A8D2-133F99872D03}.mysqlRelease|Win32.Build.0 = mysqlRelease|Win32
		{E06CF65E-5AA4-426F-A8D2-133F99872D03}.Release|Win32.ActiveCfg = Release|Win32
		{E06CF65E-5AA4-426F-A8D2-133F99872D03}.Release|Win32.Build.0 = Release|Win32
		{5428A52A-4255-4465-8886-6CF0D1266201}.Debug|Win32.ActiveCfg = Debug|Win32
		{5428A52A-4255-4465-8886-6CF0D1266201}.Debug|Win32.Build.0 = Debug|Win32
		{5428A52A-4255-4465-8886-6CF0D1266201}.mysqlRelease|Win32.ActiveCfg = Release|Win32
		{5428A52A-4255-4465-8886-6CF0D1266201}.mysqlRelease|Win32.Build.0 = Release|Win32
		{5428A52A-4255-4465-8886-6CF0D1266201}.Release|Win32.ActiveCfg = Release|Win32
		{5428A52A-4255-4465-8886-6CF0D1266201}.Release|Win32.Build.0 = Release|Win32
	EndGlobalSection
	GlobalSection(SolutionProperties) = preSolution
		HideSolutionNode = FALSE
	EndGlobalSection
EndGlobal
