
Microsoft Visual Studio Solution File, Format Version 10.00
# Visual Studio 2008
Project("{8BC9CEB8-8B4A-11D0-8D11-00A0C91BC942}") = "world", "world\world.vcproj", "{723A357C-6747-41FC-91D5-B0796BC8E995}"
	ProjectSection(ProjectDependencies) = postProject
		{2E2E4E4B-5ACE-4CF8-AD67-4AB0A68FB7DE} = {2E2E4E4B-5ACE-4CF8-AD67-4AB0A68FB7DE}
		{E06CF65E-5AA4-426F-A8D2-133F99872D03} = {E06CF65E-5AA4-426F-A8D2-133F99872D03}
	EndProjectSection
EndProject
Project("{8BC9CEB8-8B4A-11D0-8D11-00A0C91BC942}") = "common", "common\common.vcproj", "{E06CF65E-5AA4-426F-A8D2-133F99872D03}"
EndProject
Project("{8BC9CEB8-8B4A-11D0-8D11-00A0C91BC942}") = "gateway", "gateway\gateway.vcproj", "{958DFCE6-8FEF-47A5-AD8C-DD39A8CBA882}"
	ProjectSection(ProjectDependencies) = postProject
		{E06CF65E-5AA4-426F-A8D2-133F99872D03} = {E06CF65E-5AA4-426F-A8D2-133F99872D03}
	EndProjectSection
EndProject
Project("{8BC9CEB8-8B4A-11D0-8D11-00A0C91BC942}") = "db", "db\db.vcproj", "{47671E26-F516-4974-B9CC-ED51AD932D79}"
	ProjectSection(ProjectDependencies) = postProject
		{E06CF65E-5AA4-426F-A8D2-133F99872D03} = {E06CF65E-5AA4-426F-A8D2-133F99872D03}
	EndProjectSection
EndProject
Project("{8BC9CEB8-8B4A-11D0-8D11-00A0C91BC942}") = "login", "login\login.vcproj", "{34AA99B2-3602-48B1-89A2-D8C87FD568D5}"
	ProjectSection(ProjectDependencies) = postProject
		{E06CF65E-5AA4-426F-A8D2-133F99872D03} = {E06CF65E-5AA4-426F-A8D2-133F99872D03}
	EndProjectSection
EndProject
Project("{8BC9CEB8-8B4A-11D0-8D11-00A0C91BC942}") = "mall", "mall\mall.vcproj", "{7931E1E0-4D5B-4FB4-B5F8-19C7B038AB92}"
	ProjectSection(ProjectDependencies) = postProject
		{E06CF65E-5AA4-426F-A8D2-133F99872D03} = {E06CF65E-5AA4-426F-A8D2-133F99872D03}
	EndProjectSection
EndProject
Project("{8BC9CEB8-8B4A-11D0-8D11-00A0C91BC942}") = "scene", "scene\scene.vcproj", "{6832C2AE-79C4-41AE-B888-F4856ACEF7B6}"
	ProjectSection(ProjectDependencies) = postProject
		{2E2E4E4B-5ACE-4CF8-AD67-4AB0A68FB7DE} = {2E2E4E4B-5ACE-4CF8-AD67-4AB0A68FB7DE}
		{E06CF65E-5AA4-426F-A8D2-133F99872D03} = {E06CF65E-5AA4-426F-A8D2-133F99872D03}
	EndProjectSection
EndProject
Project("{8BC9CEB8-8B4A-11D0-8D11-00A0C91BC942}") = "tables", "tables\tables.vcproj", "{2E2E4E4B-5ACE-4CF8-AD67-4AB0A68FB7DE}"
EndProject
Project("{8BC9CEB8-8B4A-11D0-8D11-00A0C91BC942}") = "test", "test\test.vcproj", "{48055313-CF2C-40F8-B627-36631DFDCBF5}"
	ProjectSection(ProjectDependencies) = postProject
		{2E2E4E4B-5ACE-4CF8-AD67-4AB0A68FB7DE} = {2E2E4E4B-5ACE-4CF8-AD67-4AB0A68FB7DE}
		{E06CF65E-5AA4-426F-A8D2-133F99872D03} = {E06CF65E-5AA4-426F-A8D2-133F99872D03}
	EndProjectSection
EndProject
Project("{8BC9CEB8-8B4A-11D0-8D11-00A0C91BC942}") = "gmtool", "gmtool\gmtool.vcproj", "{ABC204C7-0682-4F5C-AA89-2FE3B2DD8265}"
	ProjectSection(ProjectDependencies) = postProject
		{2E2E4E4B-5ACE-4CF8-AD67-4AB0A68FB7DE} = {2E2E4E4B-5ACE-4CF8-AD67-4AB0A68FB7DE}
		{E06CF65E-5AA4-426F-A8D2-133F99872D03} = {E06CF65E-5AA4-426F-A8D2-133F99872D03}
	EndProjectSection
EndProject
Project("{2150E333-8FDC-42A3-9474-1A3956D46DE8}") = "libs", "libs", "{E7E4BC3D-4712-4BED-8365-DEAD39071763}"
EndProject
Project("{2150E333-8FDC-42A3-9474-1A3956D46DE8}") = "server", "server", "{84FC3BDF-5961-4530-B12D-59871A0D619D}"
EndProject
Project("{2150E333-8FDC-42A3-9474-1A3956D46DE8}") = "tools", "tools", "{E47DB7EB-5FD2-4DFD-8643-0574FED39CBB}"
EndProject
Project("{8BC9CEB8-8B4A-11D0-8D11-00A0C91BC942}") = "log", "log\log.vcproj", "{9F7B0D5E-30B3-4581-815C-4C4BC60AE780}"
	ProjectSection(ProjectDependencies) = postProject
		{2E2E4E4B-5ACE-4CF8-AD67-4AB0A68FB7DE} = {2E2E4E4B-5ACE-4CF8-AD67-4AB0A68FB7DE}
		{E06CF65E-5AA4-426F-A8D2-133F99872D03} = {E06CF65E-5AA4-426F-A8D2-133F99872D03}
	EndProjectSection
EndProject
Project("{8BC9CEB8-8B4A-11D0-8D11-00A0C91BC942}") = "refreshsql", "refreshsql\refreshsql.vcproj", "{5428A52A-4255-4465-8886-6CF0D1266201}"
	ProjectSection(ProjectDependencies) = postProject
		{E06CF65E-5AA4-426F-A8D2-133F99872D03} = {E06CF65E-5AA4-426F-A8D2-133F99872D03}
	EndProjectSection
EndProject
Global
	GlobalSection(SolutionConfigurationPlatforms) = preSolution
		Debug|Win32 = Debug|Win32
		Debug|x64 = Debug|x64
		Release|Win32 = Release|Win32
		Release|x64 = Release|x64
	EndGlobalSection
	GlobalSection(ProjectConfigurationPlatforms) = postSolution
		{723A357C-6747-41FC-91D5-B0796BC8E995}.Debug|Win32.ActiveCfg = Debug|Win32
		{723A357C-6747-41FC-91D5-B0796BC8E995}.Debug|Win32.Build.0 = Debug|Win32
		{723A357C-6747-41FC-91D5-B0796BC8E995}.Debug|x64.ActiveCfg = Debug|Win32
		{723A357C-6747-41FC-91D5-B0796BC8E995}.Release|Win32.ActiveCfg = Release|Win32
		{723A357C-6747-41FC-91D5-B0796BC8E995}.Release|Win32.Build.0 = Release|Win32
		{723A357C-6747-41FC-91D5-B0796BC8E995}.Release|x64.ActiveCfg = Release|Win32
		{E06CF65E-5AA4-426F-A8D2-133F99872D03}.Debug|Win32.ActiveCfg = Debug|Win32
		{E06CF65E-5AA4-426F-A8D2-133F99872D03}.Debug|Win32.Build.0 = Debug|Win32
		{E06CF65E-5AA4-426F-A8D2-133F99872D03}.Debug|x64.ActiveCfg = Debug|Win32
		{E06CF65E-5AA4-426F-A8D2-133F99872D03}.Release|Win32.ActiveCfg = Release|Win32
		{E06CF65E-5AA4-426F-A8D2-133F99872D03}.Release|Win32.Build.0 = Release|Win32
		{E06CF65E-5AA4-426F-A8D2-133F99872D03}.Release|x64.ActiveCfg = Release|Win32
		{958DFCE6-8FEF-47A5-AD8C-DD39A8CBA882}.Debug|Win32.ActiveCfg = Debug|Win32
		{958DFCE6-8FEF-47A5-AD8C-DD39A8CBA882}.Debug|Win32.Build.0 = Debug|Win32
		{958DFCE6-8FEF-47A5-AD8C-DD39A8CBA882}.Debug|x64.ActiveCfg = Debug|Win32
		{958DFCE6-8FEF-47A5-AD8C-DD39A8CBA882}.Release|Win32.ActiveCfg = Release|Win32
		{958DFCE6-8FEF-47A5-AD8C-DD39A8CBA882}.Release|Win32.Build.0 = Release|Win32
		{958DFCE6-8FEF-47A5-AD8C-DD39A8CBA882}.Release|x64.ActiveCfg = Release|Win32
		{47671E26-F516-4974-B9CC-ED51AD932D79}.Debug|Win32.ActiveCfg = Debug|Win32
		{47671E26-F516-4974-B9CC-ED51AD932D79}.Debug|Win32.Build.0 = Debug|Win32
		{47671E26-F516-4974-B9CC-ED51AD932D79}.Debug|x64.ActiveCfg = Debug|Win32
		{47671E26-F516-4974-B9CC-ED51AD932D79}.Release|Win32.ActiveCfg = Release|Win32
		{47671E26-F516-4974-B9CC-ED51AD932D79}.Release|Win32.Build.0 = Release|Win32
		{47671E26-F516-4974-B9CC-ED51AD932D79}.Release|x64.ActiveCfg = Release|Win32
		{34AA99B2-3602-48B1-89A2-D8C87FD568D5}.Debug|Win32.ActiveCfg = Debug|Win32
		{34AA99B2-3602-48B1-89A2-D8C87FD568D5}.Debug|Win32.Build.0 = Debug|Win32
		{34AA99B2-3602-48B1-89A2-D8C87FD568D5}.Debug|x64.ActiveCfg = Debug|Win32
		{34AA99B2-3602-48B1-89A2-D8C87FD568D5}.Release|Win32.ActiveCfg = Release|Win32
		{34AA99B2-3602-48B1-89A2-D8C87FD568D5}.Release|Win32.Build.0 = Release|Win32
		{34AA99B2-3602-48B1-89A2-D8C87FD568D5}.Release|x64.ActiveCfg = Release|Win32
		{7931E1E0-4D5B-4FB4-B5F8-19C7B038AB92}.Debug|Win32.ActiveCfg = Debug|Win32
		{7931E1E0-4D5B-4FB4-B5F8-19C7B038AB92}.Debug|Win32.Build.0 = Debug|Win32
		{7931E1E0-4D5B-4FB4-B5F8-19C7B038AB92}.Debug|x64.ActiveCfg = Debug|Win32
		{7931E1E0-4D5B-4FB4-B5F8-19C7B038AB92}.Release|Win32.ActiveCfg = Release|Win32
		{7931E1E0-4D5B-4FB4-B5F8-19C7B038AB92}.Release|Win32.Build.0 = Release|Win32
		{7931E1E0-4D5B-4FB4-B5F8-19C7B038AB92}.Release|x64.ActiveCfg = Release|Win32
		{6832C2AE-79C4-41AE-B888-F4856ACEF7B6}.Debug|Win32.ActiveCfg = Debug|Win32
		{6832C2AE-79C4-41AE-B888-F4856ACEF7B6}.Debug|Win32.Build.0 = Debug|Win32
		{6832C2AE-79C4-41AE-B888-F4856ACEF7B6}.Debug|x64.ActiveCfg = Debug|Win32
		{6832C2AE-79C4-41AE-B888-F4856ACEF7B6}.Release|Win32.ActiveCfg = Release|Win32
		{6832C2AE-79C4-41AE-B888-F4856ACEF7B6}.Release|Win32.Build.0 = Release|Win32
		{6832C2AE-79C4-41AE-B888-F4856ACEF7B6}.Release|x64.ActiveCfg = Release|Win32
		{2E2E4E4B-5ACE-4CF8-AD67-4AB0A68FB7DE}.Debug|Win32.ActiveCfg = Debug|Win32
		{2E2E4E4B-5ACE-4CF8-AD67-4AB0A68FB7DE}.Debug|Win32.Build.0 = Debug|Win32
		{2E2E4E4B-5ACE-4CF8-AD67-4AB0A68FB7DE}.Debug|x64.ActiveCfg = Debug|Win32
		{2E2E4E4B-5ACE-4CF8-AD67-4AB0A68FB7DE}.Release|Win32.ActiveCfg = Release|Win32
		{2E2E4E4B-5ACE-4CF8-AD67-4AB0A68FB7DE}.Release|Win32.Build.0 = Release|Win32
		{2E2E4E4B-5ACE-4CF8-AD67-4AB0A68FB7DE}.Release|x64.ActiveCfg = Release|Win32
		{48055313-CF2C-40F8-B627-36631DFDCBF5}.Debug|Win32.ActiveCfg = Debug|Win32
		{48055313-CF2C-40F8-B627-36631DFDCBF5}.Debug|Win32.Build.0 = Debug|Win32
		{48055313-CF2C-40F8-B627-36631DFDCBF5}.Debug|x64.ActiveCfg = Debug|Win32
		{48055313-CF2C-40F8-B627-36631DFDCBF5}.Release|Win32.ActiveCfg = Release|Win32
		{48055313-CF2C-40F8-B627-36631DFDCBF5}.Release|Win32.Build.0 = Release|Win32
		{48055313-CF2C-40F8-B627-36631DFDCBF5}.Release|x64.ActiveCfg = Release|Win32
		{ABC204C7-0682-4F5C-AA89-2FE3B2DD8265}.Debug|Win32.ActiveCfg = Debug|Win32
		{ABC204C7-0682-4F5C-AA89-2FE3B2DD8265}.Debug|Win32.Build.0 = Debug|Win32
		{ABC204C7-0682-4F5C-AA89-2FE3B2DD8265}.Debug|x64.ActiveCfg = Debug|Win32
		{ABC204C7-0682-4F5C-AA89-2FE3B2DD8265}.Release|Win32.ActiveCfg = Release|Win32
		{ABC204C7-0682-4F5C-AA89-2FE3B2DD8265}.Release|Win32.Build.0 = Release|Win32
		{ABC204C7-0682-4F5C-AA89-2FE3B2DD8265}.Release|x64.ActiveCfg = Release|Win32
		{9F7B0D5E-30B3-4581-815C-4C4BC60AE780}.Debug|Win32.ActiveCfg = Debug|Win32
		{9F7B0D5E-30B3-4581-815C-4C4BC60AE780}.Debug|Win32.Build.0 = Debug|Win32
		{9F7B0D5E-30B3-4581-815C-4C4BC60AE780}.Debug|x64.ActiveCfg = Debug|Win32
		{9F7B0D5E-30B3-4581-815C-4C4BC60AE780}.Release|Win32.ActiveCfg = Release|Win32
		{9F7B0D5E-30B3-4581-815C-4C4BC60AE780}.Release|Win32.Build.0 = Release|Win32
		{9F7B0D5E-30B3-4581-815C-4C4BC60AE780}.Release|x64.ActiveCfg = Release|Win32
		{5428A52A-4255-4465-8886-6CF0D1266201}.Debug|Win32.ActiveCfg = Debug|Win32
		{5428A52A-4255-4465-8886-6CF0D1266201}.Debug|Win32.Build.0 = Debug|Win32
		{5428A52A-4255-4465-8886-6CF0D1266201}.Debug|x64.ActiveCfg = Debug|Win32
		{5428A52A-4255-4465-8886-6CF0D1266201}.Release|Win32.ActiveCfg = Release|Win32
		{5428A52A-4255-4465-8886-6CF0D1266201}.Release|Win32.Build.0 = Release|Win32
		{5428A52A-4255-4465-8886-6CF0D1266201}.Release|x64.ActiveCfg = Release|Win32
	EndGlobalSection
	GlobalSection(SolutionProperties) = preSolution
		HideSolutionNode = FALSE
	EndGlobalSection
	GlobalSection(NestedProjects) = preSolution
		{958DFCE6-8FEF-47A5-AD8C-DD39A8CBA882} = {84FC3BDF-5961-4530-B12D-59871A0D619D}
		{47671E26-F516-4974-B9CC-ED51AD932D79} = {84FC3BDF-5961-4530-B12D-59871A0D619D}
		{34AA99B2-3602-48B1-89A2-D8C87FD568D5} = {84FC3BDF-5961-4530-B12D-59871A0D619D}
		{7931E1E0-4D5B-4FB4-B5F8-19C7B038AB92} = {84FC3BDF-5961-4530-B12D-59871A0D619D}
		{6832C2AE-79C4-41AE-B888-F4856ACEF7B6} = {84FC3BDF-5961-4530-B12D-59871A0D619D}
		{723A357C-6747-41FC-91D5-B0796BC8E995} = {84FC3BDF-5961-4530-B12D-59871A0D619D}
		{2E2E4E4B-5ACE-4CF8-AD67-4AB0A68FB7DE} = {E7E4BC3D-4712-4BED-8365-DEAD39071763}
		{E06CF65E-5AA4-426F-A8D2-133F99872D03} = {E7E4BC3D-4712-4BED-8365-DEAD39071763}
		{ABC204C7-0682-4F5C-AA89-2FE3B2DD8265} = {E47DB7EB-5FD2-4DFD-8643-0574FED39CBB}
		{48055313-CF2C-40F8-B627-36631DFDCBF5} = {E47DB7EB-5FD2-4DFD-8643-0574FED39CBB}
		{9F7B0D5E-30B3-4581-815C-4C4BC60AE780} = {E47DB7EB-5FD2-4DFD-8643-0574FED39CBB}
		{5428A52A-4255-4465-8886-6CF0D1266201} = {E47DB7EB-5FD2-4DFD-8643-0574FED39CBB}
	EndGlobalSection
EndGlobal
